# This file is automatically @generated by Cargo.
# It is not intended for manual editing.
version = 3

[[package]]
name = "lalgebra_scalar"
version = "0.1.0"

[[package]]
name = "lalgebra_vector"
version = "0.1.0"
dependencies = [
 "lalgebra_scalar",
]

[[package]]
name = "lalgebra_vector_test"
version = "0.1.0"
dependencies = [
 "lalgebra_vector",
 "lib",
]

[[package]]
name = "lib"
version = "0.1.0"
