# This file is automatically @generated by Cargo.
# It is not intended for manual editing.
version = 3

[[package]]
name = "case"
version = "1.0.0"
source = "registry+https://github.com/rust-lang/crates.io-index"
checksum = "fd6c0e7b807d60291f42f33f58480c0bfafe28ed08286446f45e463728cf9c1c"

[[package]]
name = "edit_distance"
version = "0.1.0"

[[package]]
name = "expected_variable"
version = "0.1.0"
dependencies = [
 "case",
 "edit_distance",
]

[[package]]
name = "expected_variable_test"
version = "0.1.0"
dependencies = [
 "case",
 "edit_distance",
 "expected_variable",
]
