# This file is automatically @generated by Cargo.
# It is not intended for manual editing.
version = 3

[[package]]
name = "roman_numbers"
version = "0.1.0"

[[package]]
name = "roman_numbers_iter"
version = "0.1.0"
dependencies = [
 "roman_numbers",
]

[[package]]
name = "roman_numbers_test"
version = "0.1.0"
dependencies = [
 "roman_numbers_iter",
]
